
Microsoft Visual Studio Solution File, Format Version 12.00
# Visual Studio Version 16
VisualStudioVersion = 16.0.32126.315
MinimumVisualStudioVersion = 10.0.40219.1
Project("{FAE04EC0-301F-11D3-BF4B-00C04F79EFBC}") = "IntersectLinQ", "IntersectLinQ\IntersectLinQ.csproj", "{8788F7C3-D52F-4E15-91E2-A19B6640BC74}"
EndProject
Global
	GlobalSection(SolutionConfigurationPlatforms) = preSolution
		Debug|Any CPU = Debug|Any CPU
		Release|Any CPU = Release|Any CPU
	EndGlobalSection
	GlobalSection(ProjectConfigurationPlatforms) = postSolution
		{8788F7C3-D52F-4E15-91E2-A19B6640BC74}.Debug|Any CPU.ActiveCfg = Debug|Any CPU
		{8788F7C3-D52F-4E15-91E2-A19B6640BC74}.Debug|Any CPU.Build.0 = Debug|Any CPU
		{8788F7C3-D52F-4E15-91E2-A19B6640BC74}.Release|Any CPU.ActiveCfg = Release|Any CPU
		{8788F7C3-D52F-4E15-91E2-A19B6640BC74}.Release|Any CPU.Build.0 = Release|Any CPU
	EndGlobalSection
	GlobalSection(SolutionProperties) = preSolution
		HideSolutionNode = FALSE
	EndGlobalSection
	GlobalSection(ExtensibilityGlobals) = postSolution
		SolutionGuid = {BD318F55-35EE-47D7-A503-8C1EDC12DB37}
	EndGlobalSection
EndGlobal
