
Microsoft Visual Studio Solution File, Format Version 12.00
# Visual Studio Version 16
VisualStudioVersion = 16.0.32126.315
MinimumVisualStudioVersion = 10.0.40219.1
Project("{FAE04EC0-301F-11D3-BF4B-00C04F79EFBC}") = "ContainLinQ", "ContainLinQ\ContainLinQ.csproj", "{A646D330-791E-45EB-A62C-69BE0FBF8663}"
EndProject
Global
	GlobalSection(SolutionConfigurationPlatforms) = preSolution
		Debug|Any CPU = Debug|Any CPU
		Release|Any CPU = Release|Any CPU
	EndGlobalSection
	GlobalSection(ProjectConfigurationPlatforms) = postSolution
		{A646D330-791E-45EB-A62C-69BE0FBF8663}.Debug|Any CPU.ActiveCfg = Debug|Any CPU
		{A646D330-791E-45EB-A62C-69BE0FBF8663}.Debug|Any CPU.Build.0 = Debug|Any CPU
		{A646D330-791E-45EB-A62C-69BE0FBF8663}.Release|Any CPU.ActiveCfg = Release|Any CPU
		{A646D330-791E-45EB-A62C-69BE0FBF8663}.Release|Any CPU.Build.0 = Release|Any CPU
	EndGlobalSection
	GlobalSection(SolutionProperties) = preSolution
		HideSolutionNode = FALSE
	EndGlobalSection
	GlobalSection(ExtensibilityGlobals) = postSolution
		SolutionGuid = {C7C2BB47-4CA9-4C62-BC19-8CC50335A256}
	EndGlobalSection
EndGlobal
