
Microsoft Visual Studio Solution File, Format Version 12.00
# Visual Studio Version 16
VisualStudioVersion = 16.0.32126.315
MinimumVisualStudioVersion = 10.0.40219.1
Project("{FAE04EC0-301F-11D3-BF4B-00C04F79EFBC}") = "DistinctLinQ", "DistinctLinQ\DistinctLinQ.csproj", "{9444965C-CB1A-4AA0-993D-C3A52616E425}"
EndProject
Global
	GlobalSection(SolutionConfigurationPlatforms) = preSolution
		Debug|Any CPU = Debug|Any CPU
		Release|Any CPU = Release|Any CPU
	EndGlobalSection
	GlobalSection(ProjectConfigurationPlatforms) = postSolution
		{9444965C-CB1A-4AA0-993D-C3A52616E425}.Debug|Any CPU.ActiveCfg = Debug|Any CPU
		{9444965C-CB1A-4AA0-993D-C3A52616E425}.Debug|Any CPU.Build.0 = Debug|Any CPU
		{9444965C-CB1A-4AA0-993D-C3A52616E425}.Release|Any CPU.ActiveCfg = Release|Any CPU
		{9444965C-CB1A-4AA0-993D-C3A52616E425}.Release|Any CPU.Build.0 = Release|Any CPU
	EndGlobalSection
	GlobalSection(SolutionProperties) = preSolution
		HideSolutionNode = FALSE
	EndGlobalSection
	GlobalSection(ExtensibilityGlobals) = postSolution
		SolutionGuid = {B99602DB-6FA4-4F14-AFC9-98B6E8D17855}
	EndGlobalSection
EndGlobal
